
Microsoft Visual Studio Solution File, Format Version 12.00
# Visual Studio Version 17
VisualStudioVersion = 17.3.32901.215
MinimumVisualStudioVersion = 10.0.40219.1
Project("{FAE04EC0-301F-11D3-BF4B-00C04F79EFBC}") = "PasswordGenerator", "PasswordGenerator\PasswordGenerator.csproj", "{BCCEB005-6A9C-495A-91E7-118FE31CFDB9}"
EndProject
Global
	GlobalSection(SolutionConfigurationPlatforms) = preSolution
		Debug|Any CPU = Debug|Any CPU
		Release|Any CPU = Release|Any CPU
	EndGlobalSection
	GlobalSection(ProjectConfigurationPlatforms) = postSolution
		{BCCEB005-6A9C-495A-91E7-118FE31CFDB9}.Debug|Any CPU.ActiveCfg = Debug|Any CPU
		{BCCEB005-6A9C-495A-91E7-118FE31CFDB9}.Debug|Any CPU.Build.0 = Debug|Any CPU
		{BCCEB005-6A9C-495A-91E7-118FE31CFDB9}.Release|Any CPU.ActiveCfg = Release|Any CPU
		{BCCEB005-6A9C-495A-91E7-118FE31CFDB9}.Release|Any CPU.Build.0 = Release|Any CPU
	EndGlobalSection
	GlobalSection(SolutionProperties) = preSolution
		HideSolutionNode = FALSE
	EndGlobalSection
	GlobalSection(ExtensibilityGlobals) = postSolution
		SolutionGuid = {B7B901B2-254D-430A-A32B-B5146E5D446C}
	EndGlobalSection
EndGlobal
